Microsoft Visual Studio Solution File, Format Version 9.00
# Visual Studio 2005
Project("{8BC9CEB8-8B4A-11D0-8D11-00A0C91BC942}") = "GCLuaManager", "GCLuaManager\GCLuaManager.vcproj", "{DCB7FE55-5945-44D8-ADF8-EDF9FF2B530A}"
EndProject
Project("{8BC9CEB8-8B4A-11D0-8D11-00A0C91BC942}") = "GCDeviceLib", "GCDeviceLib\GCDeviceLib.vcproj", "{62363FDA-BA57-454A-AEC3-12D6AE12975D}"
	ProjectSection(ProjectDependencies) = postProject
		{B37F2135-0B9F-45F5-8E2C-8BDD84634B4F} = {B37F2135-0B9F-45F5-8E2C-8BDD84634B4F}
		{71BA557D-AADA-484E-801F-9AD48EC77349} = {71BA557D-AADA-484E-801F-9AD48EC77349}
	EndProjectSection
EndProject
Project("{8BC9CEB8-8B4A-11D0-8D11-00A0C91BC942}") = "QuestScripter", "QuestScripter\QuestScripter.vcproj", "{26646110-A9BF-4B75-8B2D-0B61772690B6}"
	ProjectSection(ProjectDependencies) = postProject
		{B37F2135-0B9F-45F5-8E2C-8BDD84634B4F} = {B37F2135-0B9F-45F5-8E2C-8BDD84634B4F}
		{71BA557D-AADA-484E-801F-9AD48EC77349} = {71BA557D-AADA-484E-801F-9AD48EC77349}
		{62363FDA-BA57-454A-AEC3-12D6AE12975D} = {62363FDA-BA57-454A-AEC3-12D6AE12975D}
		{DCB7FE55-5945-44D8-ADF8-EDF9FF2B530A} = {DCB7FE55-5945-44D8-ADF8-EDF9FF2B530A}
	EndProjectSection
EndProject
Project("{8BC9CEB8-8B4A-11D0-8D11-00A0C91BC942}") = "GCUtil", "GCUtil\GCUtil.vcproj", "{B37F2135-0B9F-45F5-8E2C-8BDD84634B4F}"
EndProject
Project("{8BC9CEB8-8B4A-11D0-8D11-00A0C91BC942}") = "Kom", "Kom\Kom.vcproj", "{71BA557D-AADA-484E-801F-9AD48EC77349}"
EndProject
Global
	GlobalSection(SolutionConfigurationPlatforms) = preSolution
		Debug_Static|Win32 = Debug_Static|Win32
		Debug_Tool|Win32 = Debug_Tool|Win32
		Debug|Win32 = Debug|Win32
		Map_QS_Tool_Debug|Win32 = Map_QS_Tool_Debug|Win32
		Map_QS_Tool_Release|Win32 = Map_QS_Tool_Release|Win32
		MapTool_Debug|Win32 = MapTool_Debug|Win32
		MapTool_Release|Win32 = MapTool_Release|Win32
		Patcher 한국 사내 (패쳐패치 제거)|Win32 = Patcher 한국 사내 (패쳐패치 제거)|Win32
		Patcher 한국 사내|Win32 = Patcher 한국 사내|Win32
		Relaese_Maptool|Win32 = Relaese_Maptool|Win32
		Release_IncludeKom|Win32 = Release_IncludeKom|Win32
		Release_Static|Win32 = Release_Static|Win32
		Release_Tool|Win32 = Release_Tool|Win32
		Release|Win32 = Release|Win32
		Static_Lib_Release|Win32 = Static_Lib_Release|Win32
		Static_Lib|Win32 = Static_Lib|Win32
		남미본섭|Win32 = 남미본섭|Win32
		남미사내테스트|Win32 = 남미사내테스트|Win32
		미국본섭|Win32 = 미국본섭|Win32
		유럽 사내테스트|Win32 = 유럽 사내테스트|Win32
		인도네시아한국테스트|Win32 = 인도네시아한국테스트|Win32
		필리핀 사내테스트|Win32 = 필리핀 사내테스트|Win32
		필리핀본섭|Win32 = 필리핀본섭|Win32
	EndGlobalSection
	GlobalSection(ProjectConfigurationPlatforms) = postSolution
		{DCB7FE55-5945-44D8-ADF8-EDF9FF2B530A}.Debug_Static|Win32.ActiveCfg = Debug_Tool|Win32
		{DCB7FE55-5945-44D8-ADF8-EDF9FF2B530A}.Debug_Static|Win32.Build.0 = Debug_Tool|Win32
		{DCB7FE55-5945-44D8-ADF8-EDF9FF2B530A}.Debug_Tool|Win32.ActiveCfg = Debug_Tool|Win32
		{DCB7FE55-5945-44D8-ADF8-EDF9FF2B530A}.Debug_Tool|Win32.Build.0 = Debug_Tool|Win32
		{DCB7FE55-5945-44D8-ADF8-EDF9FF2B530A}.Debug|Win32.ActiveCfg = Debug|Win32
		{DCB7FE55-5945-44D8-ADF8-EDF9FF2B530A}.Debug|Win32.Build.0 = Debug|Win32
		{DCB7FE55-5945-44D8-ADF8-EDF9FF2B530A}.Map_QS_Tool_Debug|Win32.ActiveCfg = Debug|Win32
		{DCB7FE55-5945-44D8-ADF8-EDF9FF2B530A}.Map_QS_Tool_Debug|Win32.Build.0 = Debug|Win32
		{DCB7FE55-5945-44D8-ADF8-EDF9FF2B530A}.Map_QS_Tool_Release|Win32.ActiveCfg = Release|Win32
		{DCB7FE55-5945-44D8-ADF8-EDF9FF2B530A}.Map_QS_Tool_Release|Win32.Build.0 = Release|Win32
		{DCB7FE55-5945-44D8-ADF8-EDF9FF2B530A}.MapTool_Debug|Win32.ActiveCfg = MapTool_Debug|Win32
		{DCB7FE55-5945-44D8-ADF8-EDF9FF2B530A}.MapTool_Debug|Win32.Build.0 = MapTool_Debug|Win32
		{DCB7FE55-5945-44D8-ADF8-EDF9FF2B530A}.MapTool_Release|Win32.ActiveCfg = MapTool_Release|Win32
		{DCB7FE55-5945-44D8-ADF8-EDF9FF2B530A}.MapTool_Release|Win32.Build.0 = MapTool_Release|Win32
		{DCB7FE55-5945-44D8-ADF8-EDF9FF2B530A}.Patcher 한국 사내 (패쳐패치 제거)|Win32.ActiveCfg = Patcher 한국 사내 (패쳐패치 제거)|Win32
		{DCB7FE55-5945-44D8-ADF8-EDF9FF2B530A}.Patcher 한국 사내 (패쳐패치 제거)|Win32.Build.0 = Patcher 한국 사내 (패쳐패치 제거)|Win32
		{DCB7FE55-5945-44D8-ADF8-EDF9FF2B530A}.Patcher 한국 사내|Win32.ActiveCfg = Patcher 한국 사내|Win32
		{DCB7FE55-5945-44D8-ADF8-EDF9FF2B530A}.Patcher 한국 사내|Win32.Build.0 = Patcher 한국 사내|Win32
		{DCB7FE55-5945-44D8-ADF8-EDF9FF2B530A}.Relaese_Maptool|Win32.ActiveCfg = Release_Tool|Win32
		{DCB7FE55-5945-44D8-ADF8-EDF9FF2B530A}.Relaese_Maptool|Win32.Build.0 = Release_Tool|Win32
		{DCB7FE55-5945-44D8-ADF8-EDF9FF2B530A}.Release_IncludeKom|Win32.ActiveCfg = Release_Tool|Win32
		{DCB7FE55-5945-44D8-ADF8-EDF9FF2B530A}.Release_IncludeKom|Win32.Build.0 = Release_Tool|Win32
		{DCB7FE55-5945-44D8-ADF8-EDF9FF2B530A}.Release_Static|Win32.ActiveCfg = Release_Tool|Win32
		{DCB7FE55-5945-44D8-ADF8-EDF9FF2B530A}.Release_Static|Win32.Build.0 = Release_Tool|Win32
		{DCB7FE55-5945-44D8-ADF8-EDF9FF2B530A}.Release_Tool|Win32.ActiveCfg = Release_Tool|Win32
		{DCB7FE55-5945-44D8-ADF8-EDF9FF2B530A}.Release_Tool|Win32.Build.0 = Release_Tool|Win32
		{DCB7FE55-5945-44D8-ADF8-EDF9FF2B530A}.Release|Win32.ActiveCfg = Release|Win32
		{DCB7FE55-5945-44D8-ADF8-EDF9FF2B530A}.Release|Win32.Build.0 = Release|Win32
		{DCB7FE55-5945-44D8-ADF8-EDF9FF2B530A}.Static_Lib_Release|Win32.ActiveCfg = Release|Win32
		{DCB7FE55-5945-44D8-ADF8-EDF9FF2B530A}.Static_Lib_Release|Win32.Build.0 = Release|Win32
		{DCB7FE55-5945-44D8-ADF8-EDF9FF2B530A}.Static_Lib|Win32.ActiveCfg = 필리핀본섭|Win32
		{DCB7FE55-5945-44D8-ADF8-EDF9FF2B530A}.Static_Lib|Win32.Build.0 = 필리핀본섭|Win32
		{DCB7FE55-5945-44D8-ADF8-EDF9FF2B530A}.남미본섭|Win32.ActiveCfg = 남미본섭|Win32
		{DCB7FE55-5945-44D8-ADF8-EDF9FF2B530A}.남미본섭|Win32.Build.0 = 남미본섭|Win32
		{DCB7FE55-5945-44D8-ADF8-EDF9FF2B530A}.남미사내테스트|Win32.ActiveCfg = 남미사내테스트|Win32
		{DCB7FE55-5945-44D8-ADF8-EDF9FF2B530A}.남미사내테스트|Win32.Build.0 = 남미사내테스트|Win32
		{DCB7FE55-5945-44D8-ADF8-EDF9FF2B530A}.미국본섭|Win32.ActiveCfg = 미국본섭|Win32
		{DCB7FE55-5945-44D8-ADF8-EDF9FF2B530A}.미국본섭|Win32.Build.0 = 미국본섭|Win32
		{DCB7FE55-5945-44D8-ADF8-EDF9FF2B530A}.유럽 사내테스트|Win32.ActiveCfg = 유럽 사내테스트|Win32
		{DCB7FE55-5945-44D8-ADF8-EDF9FF2B530A}.유럽 사내테스트|Win32.Build.0 = 유럽 사내테스트|Win32
		{DCB7FE55-5945-44D8-ADF8-EDF9FF2B530A}.인도네시아한국테스트|Win32.ActiveCfg = 인도네시아한국테스트|Win32
		{DCB7FE55-5945-44D8-ADF8-EDF9FF2B530A}.인도네시아한국테스트|Win32.Build.0 = 인도네시아한국테스트|Win32
		{DCB7FE55-5945-44D8-ADF8-EDF9FF2B530A}.필리핀 사내테스트|Win32.ActiveCfg = 필리핀 사내테스트|Win32
		{DCB7FE55-5945-44D8-ADF8-EDF9FF2B530A}.필리핀 사내테스트|Win32.Build.0 = 필리핀 사내테스트|Win32
		{DCB7FE55-5945-44D8-ADF8-EDF9FF2B530A}.필리핀본섭|Win32.ActiveCfg = 필리핀본섭|Win32
		{DCB7FE55-5945-44D8-ADF8-EDF9FF2B530A}.필리핀본섭|Win32.Build.0 = 필리핀본섭|Win32
		{62363FDA-BA57-454A-AEC3-12D6AE12975D}.Debug_Static|Win32.ActiveCfg = Debug_Tool|Win32
		{62363FDA-BA57-454A-AEC3-12D6AE12975D}.Debug_Static|Win32.Build.0 = Debug_Tool|Win32
		{62363FDA-BA57-454A-AEC3-12D6AE12975D}.Debug_Tool|Win32.ActiveCfg = Debug_Tool|Win32
		{62363FDA-BA57-454A-AEC3-12D6AE12975D}.Debug_Tool|Win32.Build.0 = Debug_Tool|Win32
		{62363FDA-BA57-454A-AEC3-12D6AE12975D}.Debug|Win32.ActiveCfg = Debug|Win32
		{62363FDA-BA57-454A-AEC3-12D6AE12975D}.Debug|Win32.Build.0 = Debug|Win32
		{62363FDA-BA57-454A-AEC3-12D6AE12975D}.Map_QS_Tool_Debug|Win32.ActiveCfg = Debug|Win32
		{62363FDA-BA57-454A-AEC3-12D6AE12975D}.Map_QS_Tool_Debug|Win32.Build.0 = Debug|Win32
		{62363FDA-BA57-454A-AEC3-12D6AE12975D}.Map_QS_Tool_Release|Win32.ActiveCfg = Release|Win32
		{62363FDA-BA57-454A-AEC3-12D6AE12975D}.Map_QS_Tool_Release|Win32.Build.0 = Release|Win32
		{62363FDA-BA57-454A-AEC3-12D6AE12975D}.MapTool_Debug|Win32.ActiveCfg = MapTool_Debug|Win32
		{62363FDA-BA57-454A-AEC3-12D6AE12975D}.MapTool_Debug|Win32.Build.0 = MapTool_Debug|Win32
		{62363FDA-BA57-454A-AEC3-12D6AE12975D}.MapTool_Release|Win32.ActiveCfg = MapTool_Release|Win32
		{62363FDA-BA57-454A-AEC3-12D6AE12975D}.MapTool_Release|Win32.Build.0 = MapTool_Release|Win32
		{62363FDA-BA57-454A-AEC3-12D6AE12975D}.Patcher 한국 사내 (패쳐패치 제거)|Win32.ActiveCfg = Patcher 한국 사내 (패쳐패치 제거)|Win32
		{62363FDA-BA57-454A-AEC3-12D6AE12975D}.Patcher 한국 사내 (패쳐패치 제거)|Win32.Build.0 = Patcher 한국 사내 (패쳐패치 제거)|Win32
		{62363FDA-BA57-454A-AEC3-12D6AE12975D}.Patcher 한국 사내|Win32.ActiveCfg = Patcher 한국 사내|Win32
		{62363FDA-BA57-454A-AEC3-12D6AE12975D}.Patcher 한국 사내|Win32.Build.0 = Patcher 한국 사내|Win32
		{62363FDA-BA57-454A-AEC3-12D6AE12975D}.Relaese_Maptool|Win32.ActiveCfg = Release_Tool|Win32
		{62363FDA-BA57-454A-AEC3-12D6AE12975D}.Relaese_Maptool|Win32.Build.0 = Release_Tool|Win32
		{62363FDA-BA57-454A-AEC3-12D6AE12975D}.Release_IncludeKom|Win32.ActiveCfg = Release_Tool|Win32
		{62363FDA-BA57-454A-AEC3-12D6AE12975D}.Release_IncludeKom|Win32.Build.0 = Release_Tool|Win32
		{62363FDA-BA57-454A-AEC3-12D6AE12975D}.Release_Static|Win32.ActiveCfg = Release_Tool|Win32
		{62363FDA-BA57-454A-AEC3-12D6AE12975D}.Release_Static|Win32.Build.0 = Release_Tool|Win32
		{62363FDA-BA57-454A-AEC3-12D6AE12975D}.Release_Tool|Win32.ActiveCfg = Release_Tool|Win32
		{62363FDA-BA57-454A-AEC3-12D6AE12975D}.Release_Tool|Win32.Build.0 = Release_Tool|Win32
		{62363FDA-BA57-454A-AEC3-12D6AE12975D}.Release|Win32.ActiveCfg = Release|Win32
		{62363FDA-BA57-454A-AEC3-12D6AE12975D}.Release|Win32.Build.0 = Release|Win32
		{62363FDA-BA57-454A-AEC3-12D6AE12975D}.Static_Lib_Release|Win32.ActiveCfg = Release|Win32
		{62363FDA-BA57-454A-AEC3-12D6AE12975D}.Static_Lib_Release|Win32.Build.0 = Release|Win32
		{62363FDA-BA57-454A-AEC3-12D6AE12975D}.Static_Lib|Win32.ActiveCfg = Map_QS_Tool_Release|Win32
		{62363FDA-BA57-454A-AEC3-12D6AE12975D}.Static_Lib|Win32.Build.0 = Map_QS_Tool_Release|Win32
		{62363FDA-BA57-454A-AEC3-12D6AE12975D}.남미본섭|Win32.ActiveCfg = 남미본섭|Win32
		{62363FDA-BA57-454A-AEC3-12D6AE12975D}.남미본섭|Win32.Build.0 = 남미본섭|Win32
		{62363FDA-BA57-454A-AEC3-12D6AE12975D}.남미사내테스트|Win32.ActiveCfg = 남미사내테스트|Win32
		{62363FDA-BA57-454A-AEC3-12D6AE12975D}.남미사내테스트|Win32.Build.0 = 남미사내테스트|Win32
		{62363FDA-BA57-454A-AEC3-12D6AE12975D}.미국본섭|Win32.ActiveCfg = Map_QS_Tool_Release|Win32
		{62363FDA-BA57-454A-AEC3-12D6AE12975D}.미국본섭|Win32.Build.0 = Map_QS_Tool_Release|Win32
		{62363FDA-BA57-454A-AEC3-12D6AE12975D}.유럽 사내테스트|Win32.ActiveCfg = 유럽 사내테스트|Win32
		{62363FDA-BA57-454A-AEC3-12D6AE12975D}.유럽 사내테스트|Win32.Build.0 = 유럽 사내테스트|Win32
		{62363FDA-BA57-454A-AEC3-12D6AE12975D}.인도네시아한국테스트|Win32.ActiveCfg = 인도네시아한국테스트|Win32
		{62363FDA-BA57-454A-AEC3-12D6AE12975D}.인도네시아한국테스트|Win32.Build.0 = 인도네시아한국테스트|Win32
		{62363FDA-BA57-454A-AEC3-12D6AE12975D}.필리핀 사내테스트|Win32.ActiveCfg = Map_QS_Tool_Release|Win32
		{62363FDA-BA57-454A-AEC3-12D6AE12975D}.필리핀 사내테스트|Win32.Build.0 = Map_QS_Tool_Release|Win32
		{62363FDA-BA57-454A-AEC3-12D6AE12975D}.필리핀본섭|Win32.ActiveCfg = Map_QS_Tool_Release|Win32
		{62363FDA-BA57-454A-AEC3-12D6AE12975D}.필리핀본섭|Win32.Build.0 = Map_QS_Tool_Release|Win32
		{26646110-A9BF-4B75-8B2D-0B61772690B6}.Debug_Static|Win32.ActiveCfg = Debug|Win32
		{26646110-A9BF-4B75-8B2D-0B61772690B6}.Debug_Static|Win32.Build.0 = Debug|Win32
		{26646110-A9BF-4B75-8B2D-0B61772690B6}.Debug_Tool|Win32.ActiveCfg = Debug|Win32
		{26646110-A9BF-4B75-8B2D-0B61772690B6}.Debug_Tool|Win32.Build.0 = Debug|Win32
		{26646110-A9BF-4B75-8B2D-0B61772690B6}.Debug|Win32.ActiveCfg = Debug|Win32
		{26646110-A9BF-4B75-8B2D-0B61772690B6}.Debug|Win32.Build.0 = Debug|Win32
		{26646110-A9BF-4B75-8B2D-0B61772690B6}.Map_QS_Tool_Debug|Win32.ActiveCfg = Debug|Win32
		{26646110-A9BF-4B75-8B2D-0B61772690B6}.Map_QS_Tool_Debug|Win32.Build.0 = Debug|Win32
		{26646110-A9BF-4B75-8B2D-0B61772690B6}.Map_QS_Tool_Release|Win32.ActiveCfg = Release|Win32
		{26646110-A9BF-4B75-8B2D-0B61772690B6}.Map_QS_Tool_Release|Win32.Build.0 = Release|Win32
		{26646110-A9BF-4B75-8B2D-0B61772690B6}.MapTool_Debug|Win32.ActiveCfg = Debug|Win32
		{26646110-A9BF-4B75-8B2D-0B61772690B6}.MapTool_Debug|Win32.Build.0 = Debug|Win32
		{26646110-A9BF-4B75-8B2D-0B61772690B6}.MapTool_Release|Win32.ActiveCfg = Release|Win32
		{26646110-A9BF-4B75-8B2D-0B61772690B6}.MapTool_Release|Win32.Build.0 = Release|Win32
		{26646110-A9BF-4B75-8B2D-0B61772690B6}.Patcher 한국 사내 (패쳐패치 제거)|Win32.ActiveCfg = Release|Win32
		{26646110-A9BF-4B75-8B2D-0B61772690B6}.Patcher 한국 사내 (패쳐패치 제거)|Win32.Build.0 = Release|Win32
		{26646110-A9BF-4B75-8B2D-0B61772690B6}.Patcher 한국 사내|Win32.ActiveCfg = Release|Win32
		{26646110-A9BF-4B75-8B2D-0B61772690B6}.Patcher 한국 사내|Win32.Build.0 = Release|Win32
		{26646110-A9BF-4B75-8B2D-0B61772690B6}.Relaese_Maptool|Win32.ActiveCfg = Release|Win32
		{26646110-A9BF-4B75-8B2D-0B61772690B6}.Relaese_Maptool|Win32.Build.0 = Release|Win32
		{26646110-A9BF-4B75-8B2D-0B61772690B6}.Release_IncludeKom|Win32.ActiveCfg = Release|Win32
		{26646110-A9BF-4B75-8B2D-0B61772690B6}.Release_IncludeKom|Win32.Build.0 = Release|Win32
		{26646110-A9BF-4B75-8B2D-0B61772690B6}.Release_Static|Win32.ActiveCfg = Release|Win32
		{26646110-A9BF-4B75-8B2D-0B61772690B6}.Release_Static|Win32.Build.0 = Release|Win32
		{26646110-A9BF-4B75-8B2D-0B61772690B6}.Release_Tool|Win32.ActiveCfg = Release|Win32
		{26646110-A9BF-4B75-8B2D-0B61772690B6}.Release_Tool|Win32.Build.0 = Release|Win32
		{26646110-A9BF-4B75-8B2D-0B61772690B6}.Release|Win32.ActiveCfg = Release|Win32
		{26646110-A9BF-4B75-8B2D-0B61772690B6}.Release|Win32.Build.0 = Release|Win32
		{26646110-A9BF-4B75-8B2D-0B61772690B6}.Static_Lib_Release|Win32.ActiveCfg = Release|Win32
		{26646110-A9BF-4B75-8B2D-0B61772690B6}.Static_Lib_Release|Win32.Build.0 = Release|Win32
		{26646110-A9BF-4B75-8B2D-0B61772690B6}.Static_Lib|Win32.ActiveCfg = Release|Win32
		{26646110-A9BF-4B75-8B2D-0B61772690B6}.Static_Lib|Win32.Build.0 = Release|Win32
		{26646110-A9BF-4B75-8B2D-0B61772690B6}.남미본섭|Win32.ActiveCfg = Release|Win32
		{26646110-A9BF-4B75-8B2D-0B61772690B6}.남미본섭|Win32.Build.0 = Release|Win32
		{26646110-A9BF-4B75-8B2D-0B61772690B6}.남미사내테스트|Win32.ActiveCfg = Release|Win32
		{26646110-A9BF-4B75-8B2D-0B61772690B6}.남미사내테스트|Win32.Build.0 = Release|Win32
		{26646110-A9BF-4B75-8B2D-0B61772690B6}.미국본섭|Win32.ActiveCfg = Release|Win32
		{26646110-A9BF-4B75-8B2D-0B61772690B6}.미국본섭|Win32.Build.0 = Release|Win32
		{26646110-A9BF-4B75-8B2D-0B61772690B6}.유럽 사내테스트|Win32.ActiveCfg = Release|Win32
		{26646110-A9BF-4B75-8B2D-0B61772690B6}.유럽 사내테스트|Win32.Build.0 = Release|Win32
		{26646110-A9BF-4B75-8B2D-0B61772690B6}.인도네시아한국테스트|Win32.ActiveCfg = Release|Win32
		{26646110-A9BF-4B75-8B2D-0B61772690B6}.인도네시아한국테스트|Win32.Build.0 = Release|Win32
		{26646110-A9BF-4B75-8B2D-0B61772690B6}.필리핀 사내테스트|Win32.ActiveCfg = Release|Win32
		{26646110-A9BF-4B75-8B2D-0B61772690B6}.필리핀 사내테스트|Win32.Build.0 = Release|Win32
		{26646110-A9BF-4B75-8B2D-0B61772690B6}.필리핀본섭|Win32.ActiveCfg = Release|Win32
		{26646110-A9BF-4B75-8B2D-0B61772690B6}.필리핀본섭|Win32.Build.0 = Release|Win32
		{B37F2135-0B9F-45F5-8E2C-8BDD84634B4F}.Debug_Static|Win32.ActiveCfg = Debug_Tool|Win32
		{B37F2135-0B9F-45F5-8E2C-8BDD84634B4F}.Debug_Static|Win32.Build.0 = Debug_Tool|Win32
		{B37F2135-0B9F-45F5-8E2C-8BDD84634B4F}.Debug_Tool|Win32.ActiveCfg = Debug_Tool|Win32
		{B37F2135-0B9F-45F5-8E2C-8BDD84634B4F}.Debug_Tool|Win32.Build.0 = Debug_Tool|Win32
		{B37F2135-0B9F-45F5-8E2C-8BDD84634B4F}.Debug|Win32.ActiveCfg = Debug|Win32
		{B37F2135-0B9F-45F5-8E2C-8BDD84634B4F}.Debug|Win32.Build.0 = Debug|Win32
		{B37F2135-0B9F-45F5-8E2C-8BDD84634B4F}.Map_QS_Tool_Debug|Win32.ActiveCfg = Debug|Win32
		{B37F2135-0B9F-45F5-8E2C-8BDD84634B4F}.Map_QS_Tool_Debug|Win32.Build.0 = Debug|Win32
		{B37F2135-0B9F-45F5-8E2C-8BDD84634B4F}.Map_QS_Tool_Release|Win32.ActiveCfg = Release|Win32
		{B37F2135-0B9F-45F5-8E2C-8BDD84634B4F}.Map_QS_Tool_Release|Win32.Build.0 = Release|Win32
		{B37F2135-0B9F-45F5-8E2C-8BDD84634B4F}.MapTool_Debug|Win32.ActiveCfg = MapTool_Debug|Win32
		{B37F2135-0B9F-45F5-8E2C-8BDD84634B4F}.MapTool_Debug|Win32.Build.0 = MapTool_Debug|Win32
		{B37F2135-0B9F-45F5-8E2C-8BDD84634B4F}.MapTool_Release|Win32.ActiveCfg = MapTool_Release|Win32
		{B37F2135-0B9F-45F5-8E2C-8BDD84634B4F}.MapTool_Release|Win32.Build.0 = MapTool_Release|Win32
		{B37F2135-0B9F-45F5-8E2C-8BDD84634B4F}.Patcher 한국 사내 (패쳐패치 제거)|Win32.ActiveCfg = Patcher 한국 사내 (패쳐패치 제거)|Win32
		{B37F2135-0B9F-45F5-8E2C-8BDD84634B4F}.Patcher 한국 사내 (패쳐패치 제거)|Win32.Build.0 = Patcher 한국 사내 (패쳐패치 제거)|Win32
		{B37F2135-0B9F-45F5-8E2C-8BDD84634B4F}.Patcher 한국 사내|Win32.ActiveCfg = Patcher 한국 사내|Win32
		{B37F2135-0B9F-45F5-8E2C-8BDD84634B4F}.Patcher 한국 사내|Win32.Build.0 = Patcher 한국 사내|Win32
		{B37F2135-0B9F-45F5-8E2C-8BDD84634B4F}.Relaese_Maptool|Win32.ActiveCfg = Release_Tool|Win32
		{B37F2135-0B9F-45F5-8E2C-8BDD84634B4F}.Relaese_Maptool|Win32.Build.0 = Release_Tool|Win32
		{B37F2135-0B9F-45F5-8E2C-8BDD84634B4F}.Release_IncludeKom|Win32.ActiveCfg = Release_Tool|Win32
		{B37F2135-0B9F-45F5-8E2C-8BDD84634B4F}.Release_IncludeKom|Win32.Build.0 = Release_Tool|Win32
		{B37F2135-0B9F-45F5-8E2C-8BDD84634B4F}.Release_Static|Win32.ActiveCfg = Release_Tool|Win32
		{B37F2135-0B9F-45F5-8E2C-8BDD84634B4F}.Release_Static|Win32.Build.0 = Release_Tool|Win32
		{B37F2135-0B9F-45F5-8E2C-8BDD84634B4F}.Release_Tool|Win32.ActiveCfg = Release_Tool|Win32
		{B37F2135-0B9F-45F5-8E2C-8BDD84634B4F}.Release_Tool|Win32.Build.0 = Release_Tool|Win32
		{B37F2135-0B9F-45F5-8E2C-8BDD84634B4F}.Release|Win32.ActiveCfg = Release|Win32
		{B37F2135-0B9F-45F5-8E2C-8BDD84634B4F}.Release|Win32.Build.0 = Release|Win32
		{B37F2135-0B9F-45F5-8E2C-8BDD84634B4F}.Static_Lib_Release|Win32.ActiveCfg = Release|Win32
		{B37F2135-0B9F-45F5-8E2C-8BDD84634B4F}.Static_Lib_Release|Win32.Build.0 = Release|Win32
		{B37F2135-0B9F-45F5-8E2C-8BDD84634B4F}.Static_Lib|Win32.ActiveCfg = 필리핀 사내테스트|Win32
		{B37F2135-0B9F-45F5-8E2C-8BDD84634B4F}.Static_Lib|Win32.Build.0 = 필리핀 사내테스트|Win32
		{B37F2135-0B9F-45F5-8E2C-8BDD84634B4F}.남미본섭|Win32.ActiveCfg = 남미본섭|Win32
		{B37F2135-0B9F-45F5-8E2C-8BDD84634B4F}.남미본섭|Win32.Build.0 = 남미본섭|Win32
		{B37F2135-0B9F-45F5-8E2C-8BDD84634B4F}.남미사내테스트|Win32.ActiveCfg = 남미사내테스트|Win32
		{B37F2135-0B9F-45F5-8E2C-8BDD84634B4F}.남미사내테스트|Win32.Build.0 = 남미사내테스트|Win32
		{B37F2135-0B9F-45F5-8E2C-8BDD84634B4F}.미국본섭|Win32.ActiveCfg = 미국본섭|Win32
		{B37F2135-0B9F-45F5-8E2C-8BDD84634B4F}.미국본섭|Win32.Build.0 = 미국본섭|Win32
		{B37F2135-0B9F-45F5-8E2C-8BDD84634B4F}.유럽 사내테스트|Win32.ActiveCfg = 유럽 사내테스트|Win32
		{B37F2135-0B9F-45F5-8E2C-8BDD84634B4F}.유럽 사내테스트|Win32.Build.0 = 유럽 사내테스트|Win32
		{B37F2135-0B9F-45F5-8E2C-8BDD84634B4F}.인도네시아한국테스트|Win32.ActiveCfg = 인도네시아한국테스트|Win32
		{B37F2135-0B9F-45F5-8E2C-8BDD84634B4F}.인도네시아한국테스트|Win32.Build.0 = 인도네시아한국테스트|Win32
		{B37F2135-0B9F-45F5-8E2C-8BDD84634B4F}.필리핀 사내테스트|Win32.ActiveCfg = 필리핀 사내테스트|Win32
		{B37F2135-0B9F-45F5-8E2C-8BDD84634B4F}.필리핀 사내테스트|Win32.Build.0 = 필리핀 사내테스트|Win32
		{B37F2135-0B9F-45F5-8E2C-8BDD84634B4F}.필리핀본섭|Win32.ActiveCfg = 필리핀본섭|Win32
		{B37F2135-0B9F-45F5-8E2C-8BDD84634B4F}.필리핀본섭|Win32.Build.0 = 필리핀본섭|Win32
		{71BA557D-AADA-484E-801F-9AD48EC77349}.Debug_Static|Win32.ActiveCfg = Debug_Static|Win32
		{71BA557D-AADA-484E-801F-9AD48EC77349}.Debug_Static|Win32.Build.0 = Debug_Static|Win32
		{71BA557D-AADA-484E-801F-9AD48EC77349}.Debug_Tool|Win32.ActiveCfg = Debug_Static|Win32
		{71BA557D-AADA-484E-801F-9AD48EC77349}.Debug_Tool|Win32.Build.0 = Debug_Static|Win32
		{71BA557D-AADA-484E-801F-9AD48EC77349}.Debug|Win32.ActiveCfg = Debug|Win32
		{71BA557D-AADA-484E-801F-9AD48EC77349}.Debug|Win32.Build.0 = Debug|Win32
		{71BA557D-AADA-484E-801F-9AD48EC77349}.Map_QS_Tool_Debug|Win32.ActiveCfg = Debug|Win32
		{71BA557D-AADA-484E-801F-9AD48EC77349}.Map_QS_Tool_Debug|Win32.Build.0 = Debug|Win32
		{71BA557D-AADA-484E-801F-9AD48EC77349}.Map_QS_Tool_Release|Win32.ActiveCfg = Release_IncludeKom|Win32
		{71BA557D-AADA-484E-801F-9AD48EC77349}.Map_QS_Tool_Release|Win32.Build.0 = Release_IncludeKom|Win32
		{71BA557D-AADA-484E-801F-9AD48EC77349}.MapTool_Debug|Win32.ActiveCfg = Debug|Win32
		{71BA557D-AADA-484E-801F-9AD48EC77349}.MapTool_Debug|Win32.Build.0 = Debug|Win32
		{71BA557D-AADA-484E-801F-9AD48EC77349}.MapTool_Release|Win32.ActiveCfg = Release|Win32
		{71BA557D-AADA-484E-801F-9AD48EC77349}.MapTool_Release|Win32.Build.0 = Release|Win32
		{71BA557D-AADA-484E-801F-9AD48EC77349}.Patcher 한국 사내 (패쳐패치 제거)|Win32.ActiveCfg = 유럽 사내테스트|Win32
		{71BA557D-AADA-484E-801F-9AD48EC77349}.Patcher 한국 사내 (패쳐패치 제거)|Win32.Build.0 = 유럽 사내테스트|Win32
		{71BA557D-AADA-484E-801F-9AD48EC77349}.Patcher 한국 사내|Win32.ActiveCfg = 유럽 사내테스트|Win32
		{71BA557D-AADA-484E-801F-9AD48EC77349}.Patcher 한국 사내|Win32.Build.0 = 유럽 사내테스트|Win32
		{71BA557D-AADA-484E-801F-9AD48EC77349}.Relaese_Maptool|Win32.ActiveCfg = Relaese_Maptool|Win32
		{71BA557D-AADA-484E-801F-9AD48EC77349}.Relaese_Maptool|Win32.Build.0 = Relaese_Maptool|Win32
		{71BA557D-AADA-484E-801F-9AD48EC77349}.Release_IncludeKom|Win32.ActiveCfg = Release_IncludeKom|Win32
		{71BA557D-AADA-484E-801F-9AD48EC77349}.Release_IncludeKom|Win32.Build.0 = Release_IncludeKom|Win32
		{71BA557D-AADA-484E-801F-9AD48EC77349}.Release_Static|Win32.ActiveCfg = Release_Static|Win32
		{71BA557D-AADA-484E-801F-9AD48EC77349}.Release_Static|Win32.Build.0 = Release_Static|Win32
		{71BA557D-AADA-484E-801F-9AD48EC77349}.Release_Tool|Win32.ActiveCfg = Release_IncludeKom|Win32
		{71BA557D-AADA-484E-801F-9AD48EC77349}.Release_Tool|Win32.Build.0 = Release_IncludeKom|Win32
		{71BA557D-AADA-484E-801F-9AD48EC77349}.Release|Win32.ActiveCfg = Release|Win32
		{71BA557D-AADA-484E-801F-9AD48EC77349}.Release|Win32.Build.0 = Release|Win32
		{71BA557D-AADA-484E-801F-9AD48EC77349}.Static_Lib_Release|Win32.ActiveCfg = Release|Win32
		{71BA557D-AADA-484E-801F-9AD48EC77349}.Static_Lib_Release|Win32.Build.0 = Release|Win32
		{71BA557D-AADA-484E-801F-9AD48EC77349}.Static_Lib|Win32.ActiveCfg = 유럽 사내테스트|Win32
		{71BA557D-AADA-484E-801F-9AD48EC77349}.Static_Lib|Win32.Build.0 = 유럽 사내테스트|Win32
		{71BA557D-AADA-484E-801F-9AD48EC77349}.남미본섭|Win32.ActiveCfg = 남미본섭|Win32
		{71BA557D-AADA-484E-801F-9AD48EC77349}.남미본섭|Win32.Build.0 = 남미본섭|Win32
		{71BA557D-AADA-484E-801F-9AD48EC77349}.남미사내테스트|Win32.ActiveCfg = 남미사내테스트|Win32
		{71BA557D-AADA-484E-801F-9AD48EC77349}.남미사내테스트|Win32.Build.0 = 남미사내테스트|Win32
		{71BA557D-AADA-484E-801F-9AD48EC77349}.미국본섭|Win32.ActiveCfg = 유럽 사내테스트|Win32
		{71BA557D-AADA-484E-801F-9AD48EC77349}.미국본섭|Win32.Build.0 = 유럽 사내테스트|Win32
		{71BA557D-AADA-484E-801F-9AD48EC77349}.유럽 사내테스트|Win32.ActiveCfg = 유럽 사내테스트|Win32
		{71BA557D-AADA-484E-801F-9AD48EC77349}.유럽 사내테스트|Win32.Build.0 = 유럽 사내테스트|Win32
		{71BA557D-AADA-484E-801F-9AD48EC77349}.인도네시아한국테스트|Win32.ActiveCfg = 인도네시아한국테스트|Win32
		{71BA557D-AADA-484E-801F-9AD48EC77349}.인도네시아한국테스트|Win32.Build.0 = 인도네시아한국테스트|Win32
		{71BA557D-AADA-484E-801F-9AD48EC77349}.필리핀 사내테스트|Win32.ActiveCfg = 유럽 사내테스트|Win32
		{71BA557D-AADA-484E-801F-9AD48EC77349}.필리핀 사내테스트|Win32.Build.0 = 유럽 사내테스트|Win32
		{71BA557D-AADA-484E-801F-9AD48EC77349}.필리핀본섭|Win32.ActiveCfg = 유럽 사내테스트|Win32
		{71BA557D-AADA-484E-801F-9AD48EC77349}.필리핀본섭|Win32.Build.0 = 유럽 사내테스트|Win32
	EndGlobalSection
	GlobalSection(SolutionProperties) = preSolution
		HideSolutionNode = FALSE
	EndGlobalSection
EndGlobal
