<?xml version="1.0" encoding="utf-8"?>
<Project ToolsVersion="4.0" xmlns="http://schemas.microsoft.com/developer/msbuild/2003">
  <ItemGroup>
    <Filter Include="소스 파일">
      <UniqueIdentifier>{4FC737F1-C7A5-4376-A066-2A32D752A2FF}</UniqueIdentifier>
      <Extensions>cpp;c;cxx;def;odl;idl;hpj;bat;asm;asmx</Extensions>
    </Filter>
    <Filter Include="헤더 파일">
      <UniqueIdentifier>{93995380-89BD-4b04-88EB-625FBE52EBFB}</UniqueIdentifier>
      <Extensions>h;hpp;hxx;hm;inl;inc;xsd</Extensions>
    </Filter>
    <Filter Include="리소스 파일">
      <UniqueIdentifier>{67DA6AB6-F800-4c08-8B7A-83BB121AAD01}</UniqueIdentifier>
      <Extensions>rc;ico;cur;bmp;dlg;rc2;rct;bin;rgs;gif;jpg;jpeg;jpe;resx</Extensions>
    </Filter>
    <Filter Include="TinyXml">
      <UniqueIdentifier>{4d6ef442-4b49-4ed3-99e1-a6301cbd581a}</UniqueIdentifier>
    </Filter>
  </ItemGroup>
  <ItemGroup>
    <ClCompile Include="GCBufferManager.cpp">
      <Filter>소스 파일</Filter>
    </ClCompile>
    <ClCompile Include="GCMassFile.cpp">
      <Filter>소스 파일</Filter>
    </ClCompile>
    <ClCompile Include="GCMassFileManager.cpp">
      <Filter>소스 파일</Filter>
    </ClCompile>
    <ClCompile Include="GCMemoryFile.cpp">
      <Filter>소스 파일</Filter>
    </ClCompile>
    <ClCompile Include="stdafx.cpp">
      <Filter>소스 파일</Filter>
    </ClCompile>
    <ClCompile Include="Tinyxm\tinyxml.cpp">
      <Filter>소스 파일</Filter>
    </ClCompile>
    <ClCompile Include="Tinyxm\tinyxmlerror.cpp">
      <Filter>소스 파일</Filter>
    </ClCompile>
    <ClCompile Include="Tinyxm\tinyxmlparser.cpp">
      <Filter>소스 파일</Filter>
    </ClCompile>
    <ClCompile Include="united.cpp">
      <Filter>소스 파일</Filter>
    </ClCompile>
    <ClCompile Include="..\Kom\adler32.cpp">
      <Filter>소스 파일</Filter>
    </ClCompile>
    <ClCompile Include="..\Kom\blowfish.cpp">
      <Filter>소스 파일</Filter>
    </ClCompile>
    <ClCompile Include="..\Kom\kom.cpp">
      <Filter>소스 파일</Filter>
    </ClCompile>
    <ClCompile Include="..\Kom\manager.cpp">
      <Filter>소스 파일</Filter>
    </ClCompile>
    <ClCompile Include="..\Kom\sha1.cpp">
      <Filter>소스 파일</Filter>
    </ClCompile>
    <ClCompile Include="..\Kom\stdafx.cpp">
      <Filter>소스 파일</Filter>
    </ClCompile>
  </ItemGroup>
  <ItemGroup>
    <ClInclude Include="GCBufferManager.h">
      <Filter>헤더 파일</Filter>
    </ClInclude>
    <ClInclude Include="GCMassFile.h">
      <Filter>헤더 파일</Filter>
    </ClInclude>
    <ClInclude Include="GCMassFileManager.h">
      <Filter>헤더 파일</Filter>
    </ClInclude>
    <ClInclude Include="GCMemoryFile.h">
      <Filter>헤더 파일</Filter>
    </ClInclude>
    <ClInclude Include="stdafx.h">
      <Filter>헤더 파일</Filter>
    </ClInclude>
    <ClInclude Include="Tinyxm\tinyxml.h">
      <Filter>TinyXml</Filter>
    </ClInclude>
    <ClInclude Include="..\Kom\adler32.h">
      <Filter>헤더 파일</Filter>
    </ClInclude>
    <ClInclude Include="..\Kom\blowfish.h">
      <Filter>헤더 파일</Filter>
    </ClInclude>
    <ClInclude Include="..\Kom\kom.h">
      <Filter>헤더 파일</Filter>
    </ClInclude>
    <ClInclude Include="..\Kom\manager.h">
      <Filter>헤더 파일</Filter>
    </ClInclude>
    <ClInclude Include="..\Kom\session.h">
      <Filter>헤더 파일</Filter>
    </ClInclude>
    <ClInclude Include="..\Kom\sha1.h">
      <Filter>헤더 파일</Filter>
    </ClInclude>
    <ClInclude Include="..\Kom\stdafx.h">
      <Filter>헤더 파일</Filter>
    </ClInclude>
    <ClInclude Include="..\Kom\XmlWraper.h">
      <Filter>헤더 파일</Filter>
    </ClInclude>
  </ItemGroup>
  <ItemGroup>
    <Text Include="ReadMe.txt" />
  </ItemGroup>
</Project>