<?xml version="1.0" encoding="utf-8"?>
<Project ToolsVersion="4.0" xmlns="http://schemas.microsoft.com/developer/msbuild/2003">
  <ItemGroup>
    <Filter Include="Source Files">
      <UniqueIdentifier>{023fe758-a249-46dc-80b7-170174abc5a2}</UniqueIdentifier>
      <Extensions>cpp;c;cxx;rc;def;r;odl;idl;hpj;bat</Extensions>
    </Filter>
    <Filter Include="Header Files">
      <UniqueIdentifier>{d08628d0-b51a-4b5f-ae39-fe5c44534261}</UniqueIdentifier>
      <Extensions>h;hpp;hxx;hm;inl</Extensions>
    </Filter>
    <Filter Include="Resource Files">
      <UniqueIdentifier>{3cf0d52b-e89c-487d-b958-aa71bc0d071f}</UniqueIdentifier>
      <Extensions>ico;cur;bmp;dlg;rc2;rct;bin;rgs;gif;jpg;jpeg;jpe</Extensions>
    </Filter>
    <Filter Include="LoadTable">
      <UniqueIdentifier>{3588432a-bb73-4a2e-a6b9-000142b5767c}</UniqueIdentifier>
    </Filter>
  </ItemGroup>
  <ItemGroup>
    <Text Include="20071107일자 추가사항 메뉴얼.txt">
      <Filter>Source Files</Filter>
    </Text>
    <Text Include="20091015일자 추가사항 메뉴얼.txt">
      <Filter>Source Files</Filter>
    </Text>
    <Text Include="ReadMe.txt" />
  </ItemGroup>
  <ItemGroup>
    <ClCompile Include="DlgInsertTexture.cpp">
      <Filter>Source Files</Filter>
    </ClCompile>
    <ClCompile Include="FindUI.cpp">
      <Filter>Source Files</Filter>
    </ClCompile>
    <ClCompile Include="KEditDialog.cpp">
      <Filter>Source Files</Filter>
    </ClCompile>
    <ClCompile Include="KInsertDialog.cpp">
      <Filter>Source Files</Filter>
    </ClCompile>
    <ClCompile Include="KUIBringingDlg.cpp">
      <Filter>Source Files</Filter>
    </ClCompile>
    <ClCompile Include="KViewTextureDialog.cpp">
      <Filter>Source Files</Filter>
    </ClCompile>
    <ClCompile Include="LoadSettingWindow.cpp">
      <Filter>Source Files</Filter>
    </ClCompile>
    <ClCompile Include="MagnificationDlg.cpp">
      <Filter>Source Files</Filter>
    </ClCompile>
    <ClCompile Include="SceneFileSelectDlg.cpp">
      <Filter>Source Files</Filter>
    </ClCompile>
    <ClCompile Include="SelectDialog.cpp">
      <Filter>Source Files</Filter>
    </ClCompile>
    <ClCompile Include="SettingListDlg.cpp">
      <Filter>Source Files</Filter>
    </ClCompile>
    <ClCompile Include="StdAfx.cpp">
      <Filter>Source Files</Filter>
    </ClCompile>
    <ClCompile Include="TextureViewDlg.cpp">
      <Filter>Source Files</Filter>
    </ClCompile>
    <ClCompile Include="UI Script Studio.cpp">
      <Filter>Source Files</Filter>
    </ClCompile>
    <ClCompile Include="UI Script StudioDlg.cpp">
      <Filter>Source Files</Filter>
    </ClCompile>
    <ClCompile Include="D3DWndClass.cpp">
      <Filter>LoadTable</Filter>
    </ClCompile>
    <ClCompile Include="KD3DSizingBox.cpp">
      <Filter>LoadTable</Filter>
    </ClCompile>
    <ClCompile Include="KWndDataPackage.cpp">
      <Filter>LoadTable</Filter>
    </ClCompile>
    <ClCompile Include="KWndManager.cpp">
      <Filter>LoadTable</Filter>
    </ClCompile>
    <ClCompile Include="UI_GlobalFunction.cpp">
      <Filter>LoadTable</Filter>
    </ClCompile>
  </ItemGroup>
  <ItemGroup>
    <ResourceCompile Include="UI Script Studio.rc">
      <Filter>Source Files</Filter>
    </ResourceCompile>
  </ItemGroup>
  <ItemGroup>
    <ClInclude Include="..\GCUtil\AloFileMonitor.h">
      <Filter>Header Files</Filter>
    </ClInclude>
    <ClInclude Include="..\GCUtil\CRC\CRC_32.h">
      <Filter>Header Files</Filter>
    </ClInclude>
    <ClInclude Include="DlgInsertTexture.h">
      <Filter>Header Files</Filter>
    </ClInclude>
    <ClInclude Include="..\GCUtil\EnumString.h">
      <Filter>Header Files</Filter>
    </ClInclude>
    <ClInclude Include="FindUI.h">
      <Filter>Header Files</Filter>
    </ClInclude>
    <ClInclude Include="..\GCUtil\GCElapsedTime.h">
      <Filter>Header Files</Filter>
    </ClInclude>
    <ClInclude Include="..\GCUtil\GCFileMoniter.h">
      <Filter>Header Files</Filter>
    </ClInclude>
    <ClInclude Include="..\GCUtil\GCInterpolate.h">
      <Filter>Header Files</Filter>
    </ClInclude>
    <ClInclude Include="..\GCUtil\GCRandomObj.h">
      <Filter>Header Files</Filter>
    </ClInclude>
    <ClInclude Include="..\GCUtil\GCUtil.h">
      <Filter>Header Files</Filter>
    </ClInclude>
    <ClInclude Include="..\GCUtil\GenericHTTPClient.h">
      <Filter>Header Files</Filter>
    </ClInclude>
    <ClInclude Include="KEditDialog.h">
      <Filter>Header Files</Filter>
    </ClInclude>
    <ClInclude Include="..\GCUtil\KGCRandomInList.h">
      <Filter>Header Files</Filter>
    </ClInclude>
    <ClInclude Include="KInsertDialog.h">
      <Filter>Header Files</Filter>
    </ClInclude>
    <ClInclude Include="..\GCUtil\KJohnBlockAllocator.h">
      <Filter>Header Files</Filter>
    </ClInclude>
    <ClInclude Include="..\GCUtil\KJohnGen.h">
      <Filter>Header Files</Filter>
    </ClInclude>
    <ClInclude Include="KUIBringingDlg.h">
      <Filter>Header Files</Filter>
    </ClInclude>
    <ClInclude Include="KViewTextureDialog.h">
      <Filter>Header Files</Filter>
    </ClInclude>
    <ClInclude Include="LoadSettingWindow.h">
      <Filter>Header Files</Filter>
    </ClInclude>
    <ClInclude Include="MagnificationDlg.h">
      <Filter>Header Files</Filter>
    </ClInclude>
    <ClInclude Include="..\GCUtil\MD5\MD5Checksum.h">
      <Filter>Header Files</Filter>
    </ClInclude>
    <ClInclude Include="..\GCUtil\MD5\MD5ChecksumDefines.h">
      <Filter>Header Files</Filter>
    </ClInclude>
    <ClInclude Include="Resource.h">
      <Filter>Header Files</Filter>
    </ClInclude>
    <ClInclude Include="SceneFileSelectDlg.h">
      <Filter>Header Files</Filter>
    </ClInclude>
    <ClInclude Include="SelectDialog.h">
      <Filter>Header Files</Filter>
    </ClInclude>
    <ClInclude Include="SettingListDlg.h">
      <Filter>Header Files</Filter>
    </ClInclude>
    <ClInclude Include="StdAfx.h">
      <Filter>Header Files</Filter>
    </ClInclude>
    <ClInclude Include="TextureViewDlg.h">
      <Filter>Header Files</Filter>
    </ClInclude>
    <ClInclude Include="UI Script Studio.h">
      <Filter>Header Files</Filter>
    </ClInclude>
    <ClInclude Include="UI Script StudioDlg.h">
      <Filter>Header Files</Filter>
    </ClInclude>
    <ClInclude Include="D3DWndClass.h">
      <Filter>LoadTable</Filter>
    </ClInclude>
    <ClInclude Include="KD3DSizingBox.h">
      <Filter>LoadTable</Filter>
    </ClInclude>
    <ClInclude Include="KWndDataPackage.h">
      <Filter>LoadTable</Filter>
    </ClInclude>
    <ClInclude Include="KWndManager.h">
      <Filter>LoadTable</Filter>
    </ClInclude>
    <ClInclude Include="UI_GlobalFunction.h">
      <Filter>LoadTable</Filter>
    </ClInclude>
  </ItemGroup>
  <ItemGroup>
    <Image Include="control.jpg">
      <Filter>Resource Files</Filter>
    </Image>
    <Image Include="res\toolbar2.bmp">
      <Filter>Resource Files</Filter>
    </Image>
    <Image Include="res\UI Script Studio.ico">
      <Filter>Resource Files</Filter>
    </Image>
  </ItemGroup>
  <ItemGroup>
    <None Include="res\UI Script Studio.rc2">
      <Filter>Resource Files</Filter>
    </None>
  </ItemGroup>
</Project>